
Microsoft Visual Studio Solution File, Format Version 12.00
# Visual Studio Version 16
VisualStudioVersion = 16.0.31025.194
MinimumVisualStudioVersion = 10.0.40219.1
Project("{8BC9CEB8-8B4A-11D0-8D11-00A0C91BC942}") = "program4", "program4.vcxproj", "{9E524450-0A51-4DEB-A455-56D176156094}"
EndProject
Global
	GlobalSection(SolutionConfigurationPlatforms) = preSolution
		Debug|x64 = Debug|x64
		Debug|x86 = Debug|x86
		Release|x64 = Release|x64
		Release|x86 = Release|x86
	EndGlobalSection
	GlobalSection(ProjectConfigurationPlatforms) = postSolution
		{9E524450-0A51-4DEB-A455-56D176156094}.Debug|x64.ActiveCfg = Debug|x64
		{9E524450-0A51-4DEB-A455-56D176156094}.Debug|x64.Build.0 = Debug|x64
		{9E524450-0A51-4DEB-A455-56D176156094}.Debug|x86.ActiveCfg = Debug|Win32
		{9E524450-0A51-4DEB-A455-56D176156094}.Debug|x86.Build.0 = Debug|Win32
		{9E524450-0A51-4DEB-A455-56D176156094}.Release|x64.ActiveCfg = Release|x64
		{9E524450-0A51-4DEB-A455-56D176156094}.Release|x64.Build.0 = Release|x64
		{9E524450-0A51-4DEB-A455-56D176156094}.Release|x86.ActiveCfg = Release|Win32
		{9E524450-0A51-4DEB-A455-56D176156094}.Release|x86.Build.0 = Release|Win32
	EndGlobalSection
	GlobalSection(SolutionProperties) = preSolution
		HideSolutionNode = FALSE
	EndGlobalSection
	GlobalSection(ExtensibilityGlobals) = postSolution
		SolutionGuid = {79B26A9D-6E16-4870-B734-DF53EDFBAD50}
	EndGlobalSection
EndGlobal
